
Microsoft Visual Studio Solution File, Format Version 12.00
# Visual Studio Version 16
VisualStudioVersion = 16.0.33027.164
MinimumVisualStudioVersion = 10.0.40219.1
Project("{FAE04EC0-301F-11D3-BF4B-00C04F79EFBC}") = "WebApplication2", "WebApplication2\WebApplication2.csproj", "{8A4EA452-E49C-47C2-B372-92BDF54D02CF}"
EndProject
Global
	GlobalSection(SolutionConfigurationPlatforms) = preSolution
		Debug|Any CPU = Debug|Any CPU
		Release|Any CPU = Release|Any CPU
	EndGlobalSection
	GlobalSection(ProjectConfigurationPlatforms) = postSolution
		{8A4EA452-E49C-47C2-B372-92BDF54D02CF}.Debug|Any CPU.ActiveCfg = Debug|Any CPU
		{8A4EA452-E49C-47C2-B372-92BDF54D02CF}.Debug|Any CPU.Build.0 = Debug|Any CPU
		{8A4EA452-E49C-47C2-B372-92BDF54D02CF}.Release|Any CPU.ActiveCfg = Release|Any CPU
		{8A4EA452-E49C-47C2-B372-92BDF54D02CF}.Release|Any CPU.Build.0 = Release|Any CPU
	EndGlobalSection
	GlobalSection(SolutionProperties) = preSolution
		HideSolutionNode = FALSE
	EndGlobalSection
	GlobalSection(ExtensibilityGlobals) = postSolution
		SolutionGuid = {E09A2957-85CA-4845-9C03-55BC12DCB686}
	EndGlobalSection
EndGlobal
